
Microsoft Visual Studio Solution File, Format Version 12.00
# Visual Studio Version 16
VisualStudioVersion = 16.0.30309.148
MinimumVisualStudioVersion = 10.0.40219.1
Project("{9A19103F-16F7-4668-BE54-9A1E7A4F7556}") = "Enigma", "Enigma\Enigma.csproj", "{035A371B-B874-437B-B57A-B1FCC552D8A9}"
EndProject
Project("{9A19103F-16F7-4668-BE54-9A1E7A4F7556}") = "Enigma.Tests", "Enigma.Tests\Enigma.Tests.csproj", "{9F6CD7E2-4E02-4D41-B73C-398E6F24D279}"
EndProject
Project("{FAE04EC0-301F-11D3-BF4B-00C04F79EFBC}") = "Enigma.Example", "Enigma.Example\Enigma.Example.csproj", "{FAD592A9-CAFE-4034-AEAA-FCA0A8D1A86E}"
EndProject
Global
	GlobalSection(SolutionConfigurationPlatforms) = preSolution
		Debug|Any CPU = Debug|Any CPU
		Release|Any CPU = Release|Any CPU
	EndGlobalSection
	GlobalSection(ProjectConfigurationPlatforms) = postSolution
		{035A371B-B874-437B-B57A-B1FCC552D8A9}.Debug|Any CPU.ActiveCfg = Debug|Any CPU
		{035A371B-B874-437B-B57A-B1FCC552D8A9}.Debug|Any CPU.Build.0 = Debug|Any CPU
		{035A371B-B874-437B-B57A-B1FCC552D8A9}.Release|Any CPU.ActiveCfg = Release|Any CPU
		{035A371B-B874-437B-B57A-B1FCC552D8A9}.Release|Any CPU.Build.0 = Release|Any CPU
		{9F6CD7E2-4E02-4D41-B73C-398E6F24D279}.Debug|Any CPU.ActiveCfg = Debug|Any CPU
		{9F6CD7E2-4E02-4D41-B73C-398E6F24D279}.Debug|Any CPU.Build.0 = Debug|Any CPU
		{9F6CD7E2-4E02-4D41-B73C-398E6F24D279}.Release|Any CPU.ActiveCfg = Release|Any CPU
		{9F6CD7E2-4E02-4D41-B73C-398E6F24D279}.Release|Any CPU.Build.0 = Release|Any CPU
		{FAD592A9-CAFE-4034-AEAA-FCA0A8D1A86E}.Debug|Any CPU.ActiveCfg = Debug|Any CPU
		{FAD592A9-CAFE-4034-AEAA-FCA0A8D1A86E}.Debug|Any CPU.Build.0 = Debug|Any CPU
		{FAD592A9-CAFE-4034-AEAA-FCA0A8D1A86E}.Release|Any CPU.ActiveCfg = Release|Any CPU
		{FAD592A9-CAFE-4034-AEAA-FCA0A8D1A86E}.Release|Any CPU.Build.0 = Release|Any CPU
	EndGlobalSection
	GlobalSection(SolutionProperties) = preSolution
		HideSolutionNode = FALSE
	EndGlobalSection
	GlobalSection(ExtensibilityGlobals) = postSolution
		SolutionGuid = {D3CE329E-91FE-412D-BA58-E81F4368209D}
	EndGlobalSection
EndGlobal
